{
  "name": "@unstoppablejs/client",
  "version": "0.1.2",
  "lockfileVersion": 2,
  "requires": true,
  "packages": {
    "": {
      "name": "@unstoppablejs/client",
      "version": "0.1.2",
      "license": "MIT",
      "dependencies": {
        "@unstoppablejs/provider": "^0.0.1",
        "@unstoppablejs/utils": "^1.1.0",
        "noble-hashes": "^0.3.1"
      },
      "devDependencies": {
        "@unstoppablejs/scale-codec": "^0.3.3",
        "rxjs": "^7.4.0",
        "ws": "^8.3.0"
      }
    },
    "node_modules/@unstoppablejs/provider": {
      "version": "0.0.1",
      "resolved": "https://registry.npmjs.org/@unstoppablejs/provider/-/provider-0.0.1.tgz",
      "integrity": "sha512-MgSFu1zMljBwHnqCEJj0KoeJFpsPYpAna5fKIP1oaTjYDhDWTgilhGFX35IELriAW1/FycNymhgVDTdIFIuDsQ=="
    },
    "node_modules/@unstoppablejs/scale-codec": {
      "version": "0.3.3",
      "resolved": "https://registry.npmjs.org/@unstoppablejs/scale-codec/-/scale-codec-0.3.3.tgz",
      "integrity": "sha512-rtqPgRAfcbHIWUlAlV+ds6ylynZVnL72DjBHb+trpk1xt/RZRgBakRUlORVbr/hMjSPPjyPNwR5gj8A0HaYb1Q==",
      "dev": true,
      "dependencies": {
        "@unstoppablejs/utils": "^1.1.0"
      }
    },
    "node_modules/@unstoppablejs/utils": {
      "version": "1.1.0",
      "resolved": "https://registry.npmjs.org/@unstoppablejs/utils/-/utils-1.1.0.tgz",
      "integrity": "sha512-/eye4a/vYlZ8I2s4jj6Mpwko6bKW4gIRGrEFYvj07UcauQjljlluXi24Q9Rct8BOary3Y2L5HJ3wjK66I1mUqA=="
    },
    "node_modules/noble-hashes": {
      "version": "0.3.1",
      "resolved": "https://registry.npmjs.org/noble-hashes/-/noble-hashes-0.3.1.tgz",
      "integrity": "sha512-TpYvlZvM8nGB582H9qQdTCLTNPS4TX9r5gkB4iiCWlO/URrdFJKAKwzwwEcNYPhLrcmCvBF1Nfm25GMbFWEplw==",
      "deprecated": "Switch to namespaced @noble/hashes for security and feature updates"
    },
    "node_modules/rxjs": {
      "version": "7.4.0",
      "dev": true,
      "license": "Apache-2.0",
      "dependencies": {
        "tslib": "~2.1.0"
      }
    },
    "node_modules/tslib": {
      "version": "2.1.0",
      "dev": true,
      "license": "0BSD"
    },
    "node_modules/ws": {
      "version": "8.3.0",
      "resolved": "https://registry.npmjs.org/ws/-/ws-8.3.0.tgz",
      "integrity": "sha512-Gs5EZtpqZzLvmIM59w4igITU57lrtYVFneaa434VROv4thzJyV6UjIL3D42lslWlI+D4KzLYnxSwtfuiO79sNw==",
      "dev": true,
      "engines": {
        "node": ">=10.0.0"
      },
      "peerDependencies": {
        "bufferutil": "^4.0.1",
        "utf-8-validate": "^5.0.2"
      },
      "peerDependenciesMeta": {
        "bufferutil": {
          "optional": true
        },
        "utf-8-validate": {
          "optional": true
        }
      }
    }
  },
  "dependencies": {
    "@unstoppablejs/provider": {
      "version": "0.0.1",
      "resolved": "https://registry.npmjs.org/@unstoppablejs/provider/-/provider-0.0.1.tgz",
      "integrity": "sha512-MgSFu1zMljBwHnqCEJj0KoeJFpsPYpAna5fKIP1oaTjYDhDWTgilhGFX35IELriAW1/FycNymhgVDTdIFIuDsQ=="
    },
    "@unstoppablejs/scale-codec": {
      "version": "0.3.3",
      "resolved": "https://registry.npmjs.org/@unstoppablejs/scale-codec/-/scale-codec-0.3.3.tgz",
      "integrity": "sha512-rtqPgRAfcbHIWUlAlV+ds6ylynZVnL72DjBHb+trpk1xt/RZRgBakRUlORVbr/hMjSPPjyPNwR5gj8A0HaYb1Q==",
      "dev": true,
      "requires": {
        "@unstoppablejs/utils": "^1.1.0"
      }
    },
    "@unstoppablejs/utils": {
      "version": "1.1.0",
      "resolved": "https://registry.npmjs.org/@unstoppablejs/utils/-/utils-1.1.0.tgz",
      "integrity": "sha512-/eye4a/vYlZ8I2s4jj6Mpwko6bKW4gIRGrEFYvj07UcauQjljlluXi24Q9Rct8BOary3Y2L5HJ3wjK66I1mUqA=="
    },
    "noble-hashes": {
      "version": "0.3.1",
      "resolved": "https://registry.npmjs.org/noble-hashes/-/noble-hashes-0.3.1.tgz",
      "integrity": "sha512-TpYvlZvM8nGB582H9qQdTCLTNPS4TX9r5gkB4iiCWlO/URrdFJKAKwzwwEcNYPhLrcmCvBF1Nfm25GMbFWEplw=="
    },
    "rxjs": {
      "version": "7.4.0",
      "dev": true,
      "requires": {
        "tslib": "~2.1.0"
      }
    },
    "tslib": {
      "version": "2.1.0",
      "dev": true
    },
    "ws": {
      "version": "8.3.0",
      "resolved": "https://registry.npmjs.org/ws/-/ws-8.3.0.tgz",
      "integrity": "sha512-Gs5EZtpqZzLvmIM59w4igITU57lrtYVFneaa434VROv4thzJyV6UjIL3D42lslWlI+D4KzLYnxSwtfuiO79sNw==",
      "dev": true,
      "requires": {}
    }
  }
}
